{
  "requires": true,
  "lockfileVersion": 1,
  "dependencies": {
    "angular": {
      "version": "1.7.7",
      "resolved": "https://registry.npmjs.org/angular/-/angular-1.7.7.tgz",
      "integrity": "sha512-MH3JEGd8y/EkNCKJ8EV6Ch0j9X0rZTta/QVIDpBWaIdfh85/e5KO8+ZKgvWIb02MQuiS20pDFmMFlv4ZaLcLWg=="
    },
    "angular-material": {
      "version": "1.1.12",
      "resolved": "https://registry.npmjs.org/angular-material/-/angular-material-1.1.12.tgz",
      "integrity": "sha512-hvYgVSAxmXy+ozm+FcdGrTrBKm/TLubCgJ8xZR3LNYYmLfsIfzh4Eyk87inmTCXS02KYL0EX2dUeiVmanHlIaQ=="
    }
  }
}
